
Microsoft Visual Studio Solution File, Format Version 12.00
# Visual Studio Version 16
VisualStudioVersion = 16.0.29728.190
MinimumVisualStudioVersion = 10.0.40219.1
Project("{FAE04EC0-301F-11D3-BF4B-00C04F79EFBC}") = "SudokuGrader", "SudokuGrader\SudokuGrader.csproj", "{08612EA1-73AE-47A8-89FC-1FE624207FDB}"
EndProject
Global
	GlobalSection(SolutionConfigurationPlatforms) = preSolution
		Debug|Any CPU = Debug|Any CPU
		Release|Any CPU = Release|Any CPU
	EndGlobalSection
	GlobalSection(ProjectConfigurationPlatforms) = postSolution
		{08612EA1-73AE-47A8-89FC-1FE624207FDB}.Debug|Any CPU.ActiveCfg = Debug|Any CPU
		{08612EA1-73AE-47A8-89FC-1FE624207FDB}.Debug|Any CPU.Build.0 = Debug|Any CPU
		{08612EA1-73AE-47A8-89FC-1FE624207FDB}.Release|Any CPU.ActiveCfg = Release|Any CPU
		{08612EA1-73AE-47A8-89FC-1FE624207FDB}.Release|Any CPU.Build.0 = Release|Any CPU
	EndGlobalSection
	GlobalSection(SolutionProperties) = preSolution
		HideSolutionNode = FALSE
	EndGlobalSection
	GlobalSection(ExtensibilityGlobals) = postSolution
		SolutionGuid = {2CE0A5E1-0915-411A-A7F0-44DE96F9D26C}
	EndGlobalSection
EndGlobal
